// !$*UTF8*$!
{
	archiveVersion = 1;
	classes = {
	};
	objectVersion = 56;
	objects = {

/* Begin PBXBuildFile section */
		4A718A352A94FBC3004D7C9C /* trivia_appApp.swift in Sources */ = {isa = PBXBuildFile; fileRef = 4A718A342A94FBC3004D7C9C /* trivia_appApp.swift */; };
		4A718A372A94FBC3004D7C9C /* ContentView.swift in Sources */ = {isa = PBXBuildFile; fileRef = 4A718A362A94FBC3004D7C9C /* ContentView.swift */; };
		4A718A392A94FBC4004D7C9C /* Assets.xcassets in Resources */ = {isa = PBXBuildFile; fileRef = 4A718A382A94FBC4004D7C9C /* Assets.xcassets */; };
		4A718A3C2A94FBC4004D7C9C /* Preview Assets.xcassets in Resources */ = {isa = PBXBuildFile; fileRef = 4A718A3B2A94FBC4004D7C9C /* Preview Assets.xcassets */; };
		4A718A462A94FBC4004D7C9C /* trivia_appTests.swift in Sources */ = {isa = PBXBuildFile; fileRef = 4A718A452A94FBC4004D7C9C /* trivia_appTests.swift */; };
		4A718A502A94FBC4004D7C9C /* trivia_appUITests.swift in Sources */ = {isa = PBXBuildFile; fileRef = 4A718A4F2A94FBC4004D7C9C /* trivia_appUITests.swift */; };
		4A718A522A94FBC4004D7C9C /* trivia_appUITestsLaunchTests.swift in Sources */ = {isa = PBXBuildFile; fileRef = 4A718A512A94FBC4004D7C9C /* trivia_appUITestsLaunchTests.swift */; };
		4A718A602A9518AA004D7C9C /* y2mate.com - 뉴진스 Hype boy 벨소리 알람음 NewJeans Ringtone.mp3 in Resources */ = {isa = PBXBuildFile; fileRef = 4A718A5F2A9518AA004D7C9C /* y2mate.com - 뉴진스 Hype boy 벨소리 알람음 NewJeans Ringtone.mp3 */; };
		4A718A6A2A951984004D7C9C /* Music.swift in Sources */ = {isa = PBXBuildFile; fileRef = 4A718A692A951984004D7C9C /* Music.swift */; };
		4A718A6E2A951B9F004D7C9C /* MusicPlayerView.swift in Sources */ = {isa = PBXBuildFile; fileRef = 4A718A6D2A951B9F004D7C9C /* MusicPlayerView.swift */; };
		4A718A722A955EA3004D7C9C /* GUMDROP.ttf in Resources */ = {isa = PBXBuildFile; fileRef = 4A718A702A955BD1004D7C9C /* GUMDROP.ttf */; };
/* End PBXBuildFile section */

/* Begin PBXContainerItemProxy section */
		4A718A422A94FBC4004D7C9C /* PBXContainerItemProxy */ = {
			isa = PBXContainerItemProxy;
			containerPortal = 4A718A292A94FBC3004D7C9C /* Project object */;
			proxyType = 1;
			remoteGlobalIDString = 4A718A302A94FBC3004D7C9C;
			remoteInfo = "trivia-app";
		};
		4A718A4C2A94FBC4004D7C9C /* PBXContainerItemProxy */ = {
			isa = PBXContainerItemProxy;
			containerPortal = 4A718A292A94FBC3004D7C9C /* Project object */;
			proxyType = 1;
			remoteGlobalIDString = 4A718A302A94FBC3004D7C9C;
			remoteInfo = "trivia-app";
		};
/* End PBXContainerItemProxy section */

/* Begin PBXFileReference section */
		4A718A312A94FBC3004D7C9C /* Trivia.app */ = {isa = PBXFileReference; explicitFileType = wrapper.application; includeInIndex = 0; path = Trivia.app; sourceTree = BUILT_PRODUCTS_DIR; };
		4A718A342A94FBC3004D7C9C /* trivia_appApp.swift */ = {isa = PBXFileReference; lastKnownFileType = sourcecode.swift; path = trivia_appApp.swift; sourceTree = "<group>"; };
		4A718A362A94FBC3004D7C9C /* ContentView.swift */ = {isa = PBXFileReference; lastKnownFileType = sourcecode.swift; path = ContentView.swift; sourceTree = "<group>"; };
		4A718A382A94FBC4004D7C9C /* Assets.xcassets */ = {isa = PBXFileReference; lastKnownFileType = folder.assetcatalog; path = Assets.xcassets; sourceTree = "<group>"; };
		4A718A3B2A94FBC4004D7C9C /* Preview Assets.xcassets */ = {isa = PBXFileReference; lastKnownFileType = folder.assetcatalog; path = "Preview Assets.xcassets"; sourceTree = "<group>"; };
		4A718A412A94FBC4004D7C9C /* trivia-appTests.xctest */ = {isa = PBXFileReference; explicitFileType = wrapper.cfbundle; includeInIndex = 0; path = "trivia-appTests.xctest"; sourceTree = BUILT_PRODUCTS_DIR; };
		4A718A452A94FBC4004D7C9C /* trivia_appTests.swift */ = {isa = PBXFileReference; lastKnownFileType = sourcecode.swift; path = trivia_appTests.swift; sourceTree = "<group>"; };
		4A718A4B2A94FBC4004D7C9C /* trivia-appUITests.xctest */ = {isa = PBXFileReference; explicitFileType = wrapper.cfbundle; includeInIndex = 0; path = "trivia-appUITests.xctest"; sourceTree = BUILT_PRODUCTS_DIR; };
		4A718A4F2A94FBC4004D7C9C /* trivia_appUITests.swift */ = {isa = PBXFileReference; lastKnownFileType = sourcecode.swift; path = trivia_appUITests.swift; sourceTree = "<group>"; };
		4A718A512A94FBC4004D7C9C /* trivia_appUITestsLaunchTests.swift */ = {isa = PBXFileReference; lastKnownFileType = sourcecode.swift; path = trivia_appUITestsLaunchTests.swift; sourceTree = "<group>"; };
		4A718A5F2A9518AA004D7C9C /* y2mate.com - 뉴진스 Hype boy 벨소리 알람음 NewJeans Ringtone.mp3 */ = {isa = PBXFileReference; lastKnownFileType = audio.mp3; path = "y2mate.com - 뉴진스 Hype boy 벨소리 알람음 NewJeans Ringtone.mp3"; sourceTree = "<group>"; };
		4A718A692A951984004D7C9C /* Music.swift */ = {isa = PBXFileReference; lastKnownFileType = sourcecode.swift; path = Music.swift; sourceTree = "<group>"; };
		4A718A6D2A951B9F004D7C9C /* MusicPlayerView.swift */ = {isa = PBXFileReference; lastKnownFileType = sourcecode.swift; path = MusicPlayerView.swift; sourceTree = "<group>"; };
		4A718A702A955BD1004D7C9C /* GUMDROP.ttf */ = {isa = PBXFileReference; lastKnownFileType = file; path = GUMDROP.ttf; sourceTree = "<group>"; };
		4A718A712A955C1A004D7C9C /* Info.plist */ = {isa = PBXFileReference; lastKnownFileType = text.plist; path = Info.plist; sourceTree = "<group>"; };
/* End PBXFileReference section */

/* Begin PBXFrameworksBuildPhase section */
		4A718A2E2A94FBC3004D7C9C /* Frameworks */ = {
			isa = PBXFrameworksBuildPhase;
			buildActionMask = 2147483647;
			files = (
			);
			runOnlyForDeploymentPostprocessing = 0;
		};
		4A718A3E2A94FBC4004D7C9C /* Frameworks */ = {
			isa = PBXFrameworksBuildPhase;
			buildActionMask = 2147483647;
			files = (
			);
			runOnlyForDeploymentPostprocessing = 0;
		};
		4A718A482A94FBC4004D7C9C /* Frameworks */ = {
			isa = PBXFrameworksBuildPhase;
			buildActionMask = 2147483647;
			files = (
			);
			runOnlyForDeploymentPostprocessing = 0;
		};
/* End PBXFrameworksBuildPhase section */

/* Begin PBXGroup section */
		4A718A282A94FBC3004D7C9C = {
			isa = PBXGroup;
			children = (
				4A718A332A94FBC3004D7C9C /* trivia-app */,
				4A718A442A94FBC4004D7C9C /* trivia-appTests */,
				4A718A4E2A94FBC4004D7C9C /* trivia-appUITests */,
				4A718A322A94FBC3004D7C9C /* Products */,
			);
			sourceTree = "<group>";
		};
		4A718A322A94FBC3004D7C9C /* Products */ = {
			isa = PBXGroup;
			children = (
				4A718A312A94FBC3004D7C9C /* Trivia.app */,
				4A718A412A94FBC4004D7C9C /* trivia-appTests.xctest */,
				4A718A4B2A94FBC4004D7C9C /* trivia-appUITests.xctest */,
			);
			name = Products;
			sourceTree = "<group>";
		};
		4A718A332A94FBC3004D7C9C /* trivia-app */ = {
			isa = PBXGroup;
			children = (
				4A718A6F2A955BBB004D7C9C /* Fonts */,
				4A718A612A9518C3004D7C9C /* Model */,
				4A718A5E2A9517EF004D7C9C /* Music */,
				4A718A712A955C1A004D7C9C /* Info.plist */,
				4A718A342A94FBC3004D7C9C /* trivia_appApp.swift */,
				4A718A362A94FBC3004D7C9C /* ContentView.swift */,
				4A718A382A94FBC4004D7C9C /* Assets.xcassets */,
				4A718A3A2A94FBC4004D7C9C /* Preview Content */,
				4A718A6D2A951B9F004D7C9C /* MusicPlayerView.swift */,
			);
			path = "trivia-app";
			sourceTree = "<group>";
		};
		4A718A3A2A94FBC4004D7C9C /* Preview Content */ = {
			isa = PBXGroup;
			children = (
				4A718A3B2A94FBC4004D7C9C /* Preview Assets.xcassets */,
			);
			path = "Preview Content";
			sourceTree = "<group>";
		};
		4A718A442A94FBC4004D7C9C /* trivia-appTests */ = {
			isa = PBXGroup;
			children = (
				4A718A452A94FBC4004D7C9C /* trivia_appTests.swift */,
			);
			path = "trivia-appTests";
			sourceTree = "<group>";
		};
		4A718A4E2A94FBC4004D7C9C /* trivia-appUITests */ = {
			isa = PBXGroup;
			children = (
				4A718A4F2A94FBC4004D7C9C /* trivia_appUITests.swift */,
				4A718A512A94FBC4004D7C9C /* trivia_appUITestsLaunchTests.swift */,
			);
			path = "trivia-appUITests";
			sourceTree = "<group>";
		};
		4A718A5E2A9517EF004D7C9C /* Music */ = {
			isa = PBXGroup;
			children = (
				4A718A5F2A9518AA004D7C9C /* y2mate.com - 뉴진스 Hype boy 벨소리 알람음 NewJeans Ringtone.mp3 */,
			);
			path = Music;
			sourceTree = "<group>";
		};
		4A718A612A9518C3004D7C9C /* Model */ = {
			isa = PBXGroup;
			children = (
				4A718A692A951984004D7C9C /* Music.swift */,
			);
			path = Model;
			sourceTree = "<group>";
		};
		4A718A6F2A955BBB004D7C9C /* Fonts */ = {
			isa = PBXGroup;
			children = (
				4A718A702A955BD1004D7C9C /* GUMDROP.ttf */,
			);
			path = Fonts;
			sourceTree = "<group>";
		};
/* End PBXGroup section */

/* Begin PBXNativeTarget section */
		4A718A302A94FBC3004D7C9C /* trivia-app */ = {
			isa = PBXNativeTarget;
			buildConfigurationList = 4A718A552A94FBC4004D7C9C /* Build configuration list for PBXNativeTarget "trivia-app" */;
			buildPhases = (
				4A718A2D2A94FBC3004D7C9C /* Sources */,
				4A718A2E2A94FBC3004D7C9C /* Frameworks */,
				4A718A2F2A94FBC3004D7C9C /* Resources */,
			);
			buildRules = (
			);
			dependencies = (
			);
			name = "trivia-app";
			productName = "trivia-app";
			productReference = 4A718A312A94FBC3004D7C9C /* Trivia.app */;
			productType = "com.apple.product-type.application";
		};
		4A718A402A94FBC4004D7C9C /* trivia-appTests */ = {
			isa = PBXNativeTarget;
			buildConfigurationList = 4A718A582A94FBC4004D7C9C /* Build configuration list for PBXNativeTarget "trivia-appTests" */;
			buildPhases = (
				4A718A3D2A94FBC4004D7C9C /* Sources */,
				4A718A3E2A94FBC4004D7C9C /* Frameworks */,
				4A718A3F2A94FBC4004D7C9C /* Resources */,
			);
			buildRules = (
			);
			dependencies = (
				4A718A432A94FBC4004D7C9C /* PBXTargetDependency */,
			);
			name = "trivia-appTests";
			productName = "trivia-appTests";
			productReference = 4A718A412A94FBC4004D7C9C /* trivia-appTests.xctest */;
			productType = "com.apple.product-type.bundle.unit-test";
		};
		4A718A4A2A94FBC4004D7C9C /* trivia-appUITests */ = {
			isa = PBXNativeTarget;
			buildConfigurationList = 4A718A5B2A94FBC4004D7C9C /* Build configuration list for PBXNativeTarget "trivia-appUITests" */;
			buildPhases = (
				4A718A472A94FBC4004D7C9C /* Sources */,
				4A718A482A94FBC4004D7C9C /* Frameworks */,
				4A718A492A94FBC4004D7C9C /* Resources */,
			);
			buildRules = (
			);
			dependencies = (
				4A718A4D2A94FBC4004D7C9C /* PBXTargetDependency */,
			);
			name = "trivia-appUITests";
			productName = "trivia-appUITests";
			productReference = 4A718A4B2A94FBC4004D7C9C /* trivia-appUITests.xctest */;
			productType = "com.apple.product-type.bundle.ui-testing";
		};
/* End PBXNativeTarget section */

/* Begin PBXProject section */
		4A718A292A94FBC3004D7C9C /* Project object */ = {
			isa = PBXProject;
			attributes = {
				BuildIndependentTargetsInParallel = 1;
				LastSwiftUpdateCheck = 1430;
				LastUpgradeCheck = 1430;
				TargetAttributes = {
					4A718A302A94FBC3004D7C9C = {
						CreatedOnToolsVersion = 14.3;
					};
					4A718A402A94FBC4004D7C9C = {
						CreatedOnToolsVersion = 14.3;
						TestTargetID = 4A718A302A94FBC3004D7C9C;
					};
					4A718A4A2A94FBC4004D7C9C = {
						CreatedOnToolsVersion = 14.3;
						TestTargetID = 4A718A302A94FBC3004D7C9C;
					};
				};
			};
			buildConfigurationList = 4A718A2C2A94FBC3004D7C9C /* Build configuration list for PBXProject "trivia-app" */;
			compatibilityVersion = "Xcode 14.0";
			developmentRegion = en;
			hasScannedForEncodings = 0;
			knownRegions = (
				en,
				Base,
			);
			mainGroup = 4A718A282A94FBC3004D7C9C;
			productRefGroup = 4A718A322A94FBC3004D7C9C /* Products */;
			projectDirPath = "";
			projectRoot = "";
			targets = (
				4A718A302A94FBC3004D7C9C /* trivia-app */,
				4A718A402A94FBC4004D7C9C /* trivia-appTests */,
				4A718A4A2A94FBC4004D7C9C /* trivia-appUITests */,
			);
		};
/* End PBXProject section */

/* Begin PBXResourcesBuildPhase section */
		4A718A2F2A94FBC3004D7C9C /* Resources */ = {
			isa = PBXResourcesBuildPhase;
			buildActionMask = 2147483647;
			files = (
				4A718A3C2A94FBC4004D7C9C /* Preview Assets.xcassets in Resources */,
				4A718A722A955EA3004D7C9C /* GUMDROP.ttf in Resources */,
				4A718A602A9518AA004D7C9C /* y2mate.com - 뉴진스 Hype boy 벨소리 알람음 NewJeans Ringtone.mp3 in Resources */,
				4A718A392A94FBC4004D7C9C /* Assets.xcassets in Resources */,
			);
			runOnlyForDeploymentPostprocessing = 0;
		};
		4A718A3F2A94FBC4004D7C9C /* Resources */ = {
			isa = PBXResourcesBuildPhase;
			buildActionMask = 2147483647;
			files = (
			);
			runOnlyForDeploymentPostprocessing = 0;
		};
		4A718A492A94FBC4004D7C9C /* Resources */ = {
			isa = PBXResourcesBuildPhase;
			buildActionMask = 2147483647;
			files = (
			);
			runOnlyForDeploymentPostprocessing = 0;
		};
/* End PBXResourcesBuildPhase section */

/* Begin PBXSourcesBuildPhase section */
		4A718A2D2A94FBC3004D7C9C /* Sources */ = {
			isa = PBXSourcesBuildPhase;
			buildActionMask = 2147483647;
			files = (
				4A718A372A94FBC3004D7C9C /* ContentView.swift in Sources */,
				4A718A6E2A951B9F004D7C9C /* MusicPlayerView.swift in Sources */,
				4A718A352A94FBC3004D7C9C /* trivia_appApp.swift in Sources */,
				4A718A6A2A951984004D7C9C /* Music.swift in Sources */,
			);
			runOnlyForDeploymentPostprocessing = 0;
		};
		4A718A3D2A94FBC4004D7C9C /* Sources */ = {
			isa = PBXSourcesBuildPhase;
			buildActionMask = 2147483647;
			files = (
				4A718A462A94FBC4004D7C9C /* trivia_appTests.swift in Sources */,
			);
			runOnlyForDeploymentPostprocessing = 0;
		};
		4A718A472A94FBC4004D7C9C /* Sources */ = {
			isa = PBXSourcesBuildPhase;
			buildActionMask = 2147483647;
			files = (
				4A718A502A94FBC4004D7C9C /* trivia_appUITests.swift in Sources */,
				4A718A522A94FBC4004D7C9C /* trivia_appUITestsLaunchTests.swift in Sources */,
			);
			runOnlyForDeploymentPostprocessing = 0;
		};
/* End PBXSourcesBuildPhase section */

/* Begin PBXTargetDependency section */
		4A718A432A94FBC4004D7C9C /* PBXTargetDependency */ = {
			isa = PBXTargetDependency;
			target = 4A718A302A94FBC3004D7C9C /* trivia-app */;
			targetProxy = 4A718A422A94FBC4004D7C9C /* PBXContainerItemProxy */;
		};
		4A718A4D2A94FBC4004D7C9C /* PBXTargetDependency */ = {
			isa = PBXTargetDependency;
			target = 4A718A302A94FBC3004D7C9C /* trivia-app */;
			targetProxy = 4A718A4C2A94FBC4004D7C9C /* PBXContainerItemProxy */;
		};
/* End PBXTargetDependency section */

/* Begin XCBuildConfiguration section */
		4A718A532A94FBC4004D7C9C /* Debug */ = {
			isa = XCBuildConfiguration;
			buildSettings = {
				ALWAYS_SEARCH_USER_PATHS = NO;
				CLANG_ANALYZER_NONNULL = YES;
				CLANG_ANALYZER_NUMBER_OBJECT_CONVERSION = YES_AGGRESSIVE;
				CLANG_CXX_LANGUAGE_STANDARD = "gnu++20";
				CLANG_ENABLE_MODULES = YES;
				CLANG_ENABLE_OBJC_ARC = YES;
				CLANG_ENABLE_OBJC_WEAK = YES;
				CLANG_WARN_BLOCK_CAPTURE_AUTORELEASING = YES;
				CLANG_WARN_BOOL_CONVERSION = YES;
				CLANG_WARN_COMMA = YES;
				CLANG_WARN_CONSTANT_CONVERSION = YES;
				CLANG_WARN_DEPRECATED_OBJC_IMPLEMENTATIONS = YES;
				CLANG_WARN_DIRECT_OBJC_ISA_USAGE = YES_ERROR;
				CLANG_WARN_DOCUMENTATION_COMMENTS = YES;
				CLANG_WARN_EMPTY_BODY = YES;
				CLANG_WARN_ENUM_CONVERSION = YES;
				CLANG_WARN_INFINITE_RECURSION = YES;
				CLANG_WARN_INT_CONVERSION = YES;
				CLANG_WARN_NON_LITERAL_NULL_CONVERSION = YES;
				CLANG_WARN_OBJC_IMPLICIT_RETAIN_SELF = YES;
				CLANG_WARN_OBJC_LITERAL_CONVERSION = YES;
				CLANG_WARN_OBJC_ROOT_CLASS = YES_ERROR;
				CLANG_WARN_QUOTED_INCLUDE_IN_FRAMEWORK_HEADER = YES;
				CLANG_WARN_RANGE_LOOP_ANALYSIS = YES;
				CLANG_WARN_STRICT_PROTOTYPES = YES;
				CLANG_WARN_SUSPICIOUS_MOVE = YES;
				CLANG_WARN_UNGUARDED_AVAILABILITY = YES_AGGRESSIVE;
				CLANG_WARN_UNREACHABLE_CODE = YES;
				CLANG_WARN__DUPLICATE_METHOD_MATCH = YES;
				COPY_PHASE_STRIP = NO;
				DEBUG_INFORMATION_FORMAT = dwarf;
				ENABLE_STRICT_OBJC_MSGSEND = YES;
				ENABLE_TESTABILITY = YES;
				GCC_C_LANGUAGE_STANDARD = gnu11;
				GCC_DYNAMIC_NO_PIC = NO;
				GCC_NO_COMMON_BLOCKS = YES;
				GCC_OPTIMIZATION_LEVEL = 0;
				GCC_PREPROCESSOR_DEFINITIONS = (
					"DEBUG=1",
					"$(inherited)",
				);
				GCC_WARN_64_TO_32_BIT_CONVERSION = YES;
				GCC_WARN_ABOUT_RETURN_TYPE = YES_ERROR;
				GCC_WARN_UNDECLARED_SELECTOR = YES;
				GCC_WARN_UNINITIALIZED_AUTOS = YES_AGGRESSIVE;
				GCC_WARN_UNUSED_FUNCTION = YES;
				GCC_WARN_UNUSED_VARIABLE = YES;
				IPHONEOS_DEPLOYMENT_TARGET = 16.4;
				MTL_ENABLE_DEBUG_INFO = INCLUDE_SOURCE;
				MTL_FAST_MATH = YES;
				ONLY_ACTIVE_ARCH = YES;
				SDKROOT = iphoneos;
				SWIFT_ACTIVE_COMPILATION_CONDITIONS = DEBUG;
				SWIFT_OPTIMIZATION_LEVEL = "-Onone";
			};
			name = Debug;
		};
		4A718A542A94FBC4004D7C9C /* Release */ = {
			isa = XCBuildConfiguration;
			buildSettings = {
				ALWAYS_SEARCH_USER_PATHS = NO;
				CLANG_ANALYZER_NONNULL = YES;
				CLANG_ANALYZER_NUMBER_OBJECT_CONVERSION = YES_AGGRESSIVE;
				CLANG_CXX_LANGUAGE_STANDARD = "gnu++20";
				CLANG_ENABLE_MODULES = YES;
				CLANG_ENABLE_OBJC_ARC = YES;
				CLANG_ENABLE_OBJC_WEAK = YES;
				CLANG_WARN_BLOCK_CAPTURE_AUTORELEASING = YES;
				CLANG_WARN_BOOL_CONVERSION = YES;
				CLANG_WARN_COMMA = YES;
				CLANG_WARN_CONSTANT_CONVERSION = YES;
				CLANG_WARN_DEPRECATED_OBJC_IMPLEMENTATIONS = YES;
				CLANG_WARN_DIRECT_OBJC_ISA_USAGE = YES_ERROR;
				CLANG_WARN_DOCUMENTATION_COMMENTS = YES;
				CLANG_WARN_EMPTY_BODY = YES;
				CLANG_WARN_ENUM_CONVERSION = YES;
				CLANG_WARN_INFINITE_RECURSION = YES;
				CLANG_WARN_INT_CONVERSION = YES;
				CLANG_WARN_NON_LITERAL_NULL_CONVERSION = YES;
				CLANG_WARN_OBJC_IMPLICIT_RETAIN_SELF = YES;
				CLANG_WARN_OBJC_LITERAL_CONVERSION = YES;
				CLANG_WARN_OBJC_ROOT_CLASS = YES_ERROR;
				CLANG_WARN_QUOTED_INCLUDE_IN_FRAMEWORK_HEADER = YES;
				CLANG_WARN_RANGE_LOOP_ANALYSIS = YES;
				CLANG_WARN_STRICT_PROTOTYPES = YES;
				CLANG_WARN_SUSPICIOUS_MOVE = YES;
				CLANG_WARN_UNGUARDED_AVAILABILITY = YES_AGGRESSIVE;
				CLANG_WARN_UNREACHABLE_CODE = YES;
				CLANG_WARN__DUPLICATE_METHOD_MATCH = YES;
				COPY_PHASE_STRIP = NO;
				DEBUG_INFORMATION_FORMAT = "dwarf-with-dsym";
				ENABLE_NS_ASSERTIONS = NO;
				ENABLE_STRICT_OBJC_MSGSEND = YES;
				GCC_C_LANGUAGE_STANDARD = gnu11;
				GCC_NO_COMMON_BLOCKS = YES;
				GCC_WARN_64_TO_32_BIT_CONVERSION = YES;
				GCC_WARN_ABOUT_RETURN_TYPE = YES_ERROR;
				GCC_WARN_UNDECLARED_SELECTOR = YES;
				GCC_WARN_UNINITIALIZED_AUTOS = YES_AGGRESSIVE;
				GCC_WARN_UNUSED_FUNCTION = YES;
				GCC_WARN_UNUSED_VARIABLE = YES;
				IPHONEOS_DEPLOYMENT_TARGET = 16.4;
				MTL_ENABLE_DEBUG_INFO = NO;
				MTL_FAST_MATH = YES;
				SDKROOT = iphoneos;
				SWIFT_COMPILATION_MODE = wholemodule;
				SWIFT_OPTIMIZATION_LEVEL = "-O";
				VALIDATE_PRODUCT = YES;
			};
			name = Release;
		};
		4A718A562A94FBC4004D7C9C /* Debug */ = {
			isa = XCBuildConfiguration;
			buildSettings = {
				ASSETCATALOG_COMPILER_APPICON_NAME = AppIcon;
				ASSETCATALOG_COMPILER_GLOBAL_ACCENT_COLOR_NAME = AccentColor;
				CODE_SIGN_STYLE = Automatic;
				CURRENT_PROJECT_VERSION = 1;
				DEVELOPMENT_ASSET_PATHS = "\"trivia-app/Preview Content\"";
				ENABLE_PREVIEWS = YES;
				GENERATE_INFOPLIST_FILE = YES;
				INFOPLIST_FILE = "trivia-app/Info.plist";
				INFOPLIST_KEY_UIApplicationSceneManifest_Generation = YES;
				INFOPLIST_KEY_UIApplicationSupportsIndirectInputEvents = YES;
				INFOPLIST_KEY_UILaunchScreen_Generation = YES;
				INFOPLIST_KEY_UISupportedInterfaceOrientations_iPad = "UIInterfaceOrientationPortrait UIInterfaceOrientationPortraitUpsideDown UIInterfaceOrientationLandscapeLeft UIInterfaceOrientationLandscapeRight";
				INFOPLIST_KEY_UISupportedInterfaceOrientations_iPhone = "UIInterfaceOrientationPortrait UIInterfaceOrientationLandscapeLeft UIInterfaceOrientationLandscapeRight";
				LD_RUNPATH_SEARCH_PATHS = (
					"$(inherited)",
					"@executable_path/Frameworks",
				);
				MARKETING_VERSION = 1.0;
				PRODUCT_BUNDLE_IDENTIFIER = "s3819347.asm2.trivia-app";
				PRODUCT_NAME = Trivia;
				SWIFT_EMIT_LOC_STRINGS = YES;
				SWIFT_VERSION = 5.0;
				TARGETED_DEVICE_FAMILY = "1,2";
			};
			name = Debug;
		};
		4A718A572A94FBC4004D7C9C /* Release */ = {
			isa = XCBuildConfiguration;
			buildSettings = {
				ASSETCATALOG_COMPILER_APPICON_NAME = AppIcon;
				ASSETCATALOG_COMPILER_GLOBAL_ACCENT_COLOR_NAME = AccentColor;
				CODE_SIGN_STYLE = Automatic;
				CURRENT_PROJECT_VERSION = 1;
				DEVELOPMENT_ASSET_PATHS = "\"trivia-app/Preview Content\"";
				ENABLE_PREVIEWS = YES;
				GENERATE_INFOPLIST_FILE = YES;
				INFOPLIST_FILE = "trivia-app/Info.plist";
				INFOPLIST_KEY_UIApplicationSceneManifest_Generation = YES;
				INFOPLIST_KEY_UIApplicationSupportsIndirectInputEvents = YES;
				INFOPLIST_KEY_UILaunchScreen_Generation = YES;
				INFOPLIST_KEY_UISupportedInterfaceOrientations_iPad = "UIInterfaceOrientationPortrait UIInterfaceOrientationPortraitUpsideDown UIInterfaceOrientationLandscapeLeft UIInterfaceOrientationLandscapeRight";
				INFOPLIST_KEY_UISupportedInterfaceOrientations_iPhone = "UIInterfaceOrientationPortrait UIInterfaceOrientationLandscapeLeft UIInterfaceOrientationLandscapeRight";
				LD_RUNPATH_SEARCH_PATHS = (
					"$(inherited)",
					"@executable_path/Frameworks",
				);
				MARKETING_VERSION = 1.0;
				PRODUCT_BUNDLE_IDENTIFIER = "s3819347.asm2.trivia-app";
				PRODUCT_NAME = Trivia;
				SWIFT_EMIT_LOC_STRINGS = YES;
				SWIFT_VERSION = 5.0;
				TARGETED_DEVICE_FAMILY = "1,2";
			};
			name = Release;
		};
		4A718A592A94FBC4004D7C9C /* Debug */ = {
			isa = XCBuildConfiguration;
			buildSettings = {
				ALWAYS_EMBED_SWIFT_STANDARD_LIBRARIES = YES;
				BUNDLE_LOADER = "$(TEST_HOST)";
				CODE_SIGN_STYLE = Automatic;
				CURRENT_PROJECT_VERSION = 1;
				GENERATE_INFOPLIST_FILE = YES;
				IPHONEOS_DEPLOYMENT_TARGET = 16.4;
				MARKETING_VERSION = 1.0;
				PRODUCT_BUNDLE_IDENTIFIER = "s3819347.asm2.trivia-appTests";
				PRODUCT_NAME = "$(TARGET_NAME)";
				SWIFT_EMIT_LOC_STRINGS = NO;
				SWIFT_VERSION = 5.0;
				TARGETED_DEVICE_FAMILY = "1,2";
				TEST_HOST = "$(BUILT_PRODUCTS_DIR)/trivia-app.app/$(BUNDLE_EXECUTABLE_FOLDER_PATH)/trivia-app";
			};
			name = Debug;
		};
		4A718A5A2A94FBC4004D7C9C /* Release */ = {
			isa = XCBuildConfiguration;
			buildSettings = {
				ALWAYS_EMBED_SWIFT_STANDARD_LIBRARIES = YES;
				BUNDLE_LOADER = "$(TEST_HOST)";
				CODE_SIGN_STYLE = Automatic;
				CURRENT_PROJECT_VERSION = 1;
				GENERATE_INFOPLIST_FILE = YES;
				IPHONEOS_DEPLOYMENT_TARGET = 16.4;
				MARKETING_VERSION = 1.0;
				PRODUCT_BUNDLE_IDENTIFIER = "s3819347.asm2.trivia-appTests";
				PRODUCT_NAME = "$(TARGET_NAME)";
				SWIFT_EMIT_LOC_STRINGS = NO;
				SWIFT_VERSION = 5.0;
				TARGETED_DEVICE_FAMILY = "1,2";
				TEST_HOST = "$(BUILT_PRODUCTS_DIR)/trivia-app.app/$(BUNDLE_EXECUTABLE_FOLDER_PATH)/trivia-app";
			};
			name = Release;
		};
		4A718A5C2A94FBC4004D7C9C /* Debug */ = {
			isa = XCBuildConfiguration;
			buildSettings = {
				ALWAYS_EMBED_SWIFT_STANDARD_LIBRARIES = YES;
				CODE_SIGN_STYLE = Automatic;
				CURRENT_PROJECT_VERSION = 1;
				GENERATE_INFOPLIST_FILE = YES;
				MARKETING_VERSION = 1.0;
				PRODUCT_BUNDLE_IDENTIFIER = "s3819347.asm2.trivia-appUITests";
				PRODUCT_NAME = "$(TARGET_NAME)";
				SWIFT_EMIT_LOC_STRINGS = NO;
				SWIFT_VERSION = 5.0;
				TARGETED_DEVICE_FAMILY = "1,2";
				TEST_TARGET_NAME = "trivia-app";
			};
			name = Debug;
		};
		4A718A5D2A94FBC4004D7C9C /* Release */ = {
			isa = XCBuildConfiguration;
			buildSettings = {
				ALWAYS_EMBED_SWIFT_STANDARD_LIBRARIES = YES;
				CODE_SIGN_STYLE = Automatic;
				CURRENT_PROJECT_VERSION = 1;
				GENERATE_INFOPLIST_FILE = YES;
				MARKETING_VERSION = 1.0;
				PRODUCT_BUNDLE_IDENTIFIER = "s3819347.asm2.trivia-appUITests";
				PRODUCT_NAME = "$(TARGET_NAME)";
				SWIFT_EMIT_LOC_STRINGS = NO;
				SWIFT_VERSION = 5.0;
				TARGETED_DEVICE_FAMILY = "1,2";
				TEST_TARGET_NAME = "trivia-app";
			};
			name = Release;
		};
/* End XCBuildConfiguration section */

/* Begin XCConfigurationList section */
		4A718A2C2A94FBC3004D7C9C /* Build configuration list for PBXProject "trivia-app" */ = {
			isa = XCConfigurationList;
			buildConfigurations = (
				4A718A532A94FBC4004D7C9C /* Debug */,
				4A718A542A94FBC4004D7C9C /* Release */,
			);
			defaultConfigurationIsVisible = 0;
			defaultConfigurationName = Release;
		};
		4A718A552A94FBC4004D7C9C /* Build configuration list for PBXNativeTarget "trivia-app" */ = {
			isa = XCConfigurationList;
			buildConfigurations = (
				4A718A562A94FBC4004D7C9C /* Debug */,
				4A718A572A94FBC4004D7C9C /* Release */,
			);
			defaultConfigurationIsVisible = 0;
			defaultConfigurationName = Release;
		};
		4A718A582A94FBC4004D7C9C /* Build configuration list for PBXNativeTarget "trivia-appTests" */ = {
			isa = XCConfigurationList;
			buildConfigurations = (
				4A718A592A94FBC4004D7C9C /* Debug */,
				4A718A5A2A94FBC4004D7C9C /* Release */,
			);
			defaultConfigurationIsVisible = 0;
			defaultConfigurationName = Release;
		};
		4A718A5B2A94FBC4004D7C9C /* Build configuration list for PBXNativeTarget "trivia-appUITests" */ = {
			isa = XCConfigurationList;
			buildConfigurations = (
				4A718A5C2A94FBC4004D7C9C /* Debug */,
				4A718A5D2A94FBC4004D7C9C /* Release */,
			);
			defaultConfigurationIsVisible = 0;
			defaultConfigurationName = Release;
		};
/* End XCConfigurationList section */
	};
	rootObject = 4A718A292A94FBC3004D7C9C /* Project object */;
}
